
Microsoft Visual Studio Solution File, Format Version 12.00
# Visual Studio Version 16
VisualStudioVersion = 16.0.32510.428
MinimumVisualStudioVersion = 10.0.40219.1
Project("{FAE04EC0-301F-11D3-BF4B-00C04F79EFBC}") = "MyGameLauncher", "MyGameLauncher\MyGameLauncher.csproj", "{04DC60A2-D6C3-4284-B197-210090A33A60}"
EndProject
Global
	GlobalSection(SolutionConfigurationPlatforms) = preSolution
		Debug|Any CPU = Debug|Any CPU
		Release|Any CPU = Release|Any CPU
	EndGlobalSection
	GlobalSection(ProjectConfigurationPlatforms) = postSolution
		{04DC60A2-D6C3-4284-B197-210090A33A60}.Debug|Any CPU.ActiveCfg = Debug|Any CPU
		{04DC60A2-D6C3-4284-B197-210090A33A60}.Debug|Any CPU.Build.0 = Debug|Any CPU
		{04DC60A2-D6C3-4284-B197-210090A33A60}.Release|Any CPU.ActiveCfg = Release|Any CPU
		{04DC60A2-D6C3-4284-B197-210090A33A60}.Release|Any CPU.Build.0 = Release|Any CPU
	EndGlobalSection
	GlobalSection(SolutionProperties) = preSolution
		HideSolutionNode = FALSE
	EndGlobalSection
	GlobalSection(ExtensibilityGlobals) = postSolution
		SolutionGuid = {03CD7D3F-6237-4EAE-887D-935CE58D3FD1}
	EndGlobalSection
EndGlobal
